
Microsoft Visual Studio Solution File, Format Version 12.00
# Visual Studio Version 17
VisualStudioVersion = 17.14.36408.4 d17.14
MinimumVisualStudioVersion = 10.0.40219.1
Project("{FAE04EC0-301F-11D3-BF4B-00C04F79EFBC}") = "CoderAPI", "CoderAPI\CoderAPI.csproj", "{DFE05A3B-E78B-4711-BA87-2C9671030802}"
EndProject
Global
	GlobalSection(SolutionConfigurationPlatforms) = preSolution
		Debug|Any CPU = Debug|Any CPU
		Release|Any CPU = Release|Any CPU
	EndGlobalSection
	GlobalSection(ProjectConfigurationPlatforms) = postSolution
		{DFE05A3B-E78B-4711-BA87-2C9671030802}.Debug|Any CPU.ActiveCfg = Debug|Any CPU
		{DFE05A3B-E78B-4711-BA87-2C9671030802}.Debug|Any CPU.Build.0 = Debug|Any CPU
		{DFE05A3B-E78B-4711-BA87-2C9671030802}.Release|Any CPU.ActiveCfg = Release|Any CPU
		{DFE05A3B-E78B-4711-BA87-2C9671030802}.Release|Any CPU.Build.0 = Release|Any CPU
	EndGlobalSection
	GlobalSection(SolutionProperties) = preSolution
		HideSolutionNode = FALSE
	EndGlobalSection
	GlobalSection(ExtensibilityGlobals) = postSolution
		SolutionGuid = {F101796F-5EEB-482A-A587-736324C1DABE}
	EndGlobalSection
EndGlobal
